
Microsoft Visual Studio Solution File, Format Version 12.00
# Visual Studio Version 16
VisualStudioVersion = 16.0.30309.148
MinimumVisualStudioVersion = 10.0.40219.1
Project("{FAE04EC0-301F-11D3-BF4B-00C04F79EFBC}") = "FlexibleEditor", "FlexibleEditor.csproj", "{4ADA4CAE-1E53-48AC-B910-698FF6FF84CC}"
EndProject
Global
	GlobalSection(SolutionConfigurationPlatforms) = preSolution
		Debug|Any CPU = Debug|Any CPU
		Release|Any CPU = Release|Any CPU
	EndGlobalSection
	GlobalSection(ProjectConfigurationPlatforms) = postSolution
		{4ADA4CAE-1E53-48AC-B910-698FF6FF84CC}.Debug|Any CPU.ActiveCfg = Debug|Any CPU
		{4ADA4CAE-1E53-48AC-B910-698FF6FF84CC}.Debug|Any CPU.Build.0 = Debug|Any CPU
		{4ADA4CAE-1E53-48AC-B910-698FF6FF84CC}.Release|Any CPU.ActiveCfg = Release|Any CPU
		{4ADA4CAE-1E53-48AC-B910-698FF6FF84CC}.Release|Any CPU.Build.0 = Release|Any CPU
	EndGlobalSection
	GlobalSection(SolutionProperties) = preSolution
		HideSolutionNode = FALSE
	EndGlobalSection
	GlobalSection(ExtensibilityGlobals) = postSolution
		SolutionGuid = {999467DF-A4D4-4FFC-BCE6-072DD4DEB15D}
	EndGlobalSection
EndGlobal
